
Microsoft Visual Studio Solution File, Format Version 12.00
# Visual Studio Version 16
VisualStudioVersion = 16.0.30413.136
MinimumVisualStudioVersion = 10.0.40219.1
Project("{FAE04EC0-301F-11D3-BF4B-00C04F79EFBC}") = "Dan_LVIII_Bojana_Backo", "Dan_LVIII_Bojana_Backo\Dan_LVIII_Bojana_Backo.csproj", "{653B6C61-10DC-454B-9319-C72E13930967}"
EndProject
Global
	GlobalSection(SolutionConfigurationPlatforms) = preSolution
		Debug|Any CPU = Debug|Any CPU
		Release|Any CPU = Release|Any CPU
	EndGlobalSection
	GlobalSection(ProjectConfigurationPlatforms) = postSolution
		{653B6C61-10DC-454B-9319-C72E13930967}.Debug|Any CPU.ActiveCfg = Debug|Any CPU
		{653B6C61-10DC-454B-9319-C72E13930967}.Debug|Any CPU.Build.0 = Debug|Any CPU
		{653B6C61-10DC-454B-9319-C72E13930967}.Release|Any CPU.ActiveCfg = Release|Any CPU
		{653B6C61-10DC-454B-9319-C72E13930967}.Release|Any CPU.Build.0 = Release|Any CPU
	EndGlobalSection
	GlobalSection(SolutionProperties) = preSolution
		HideSolutionNode = FALSE
	EndGlobalSection
	GlobalSection(ExtensibilityGlobals) = postSolution
		SolutionGuid = {34692B2A-8582-477A-BAEE-5054F2ECC059}
	EndGlobalSection
EndGlobal
